Microsoft Visual Studio Solution File, Format Version 12.00
# Visual Studio Version 17
VisualStudioVersion = 17.8.34516.158
MinimumVisualStudioVersion = 10.0.40219.1
Project("{9A19103F-16F7-4668-BE54-9A1E7A4F7556}") = "Parking.Domain", "Parking.Domain\Parking.Domain.csproj", "{A5C0B4E0-1B2A-4D3C-8F9E-0C2D5E6F7A8B}"
EndProject
Project("{9A19103F-16F7-4668-BE54-9A1E7A4F7556}") = "Parking.Application", "Parking.Application\Parking.Application.csproj", "{AB1605EC-0A70-45CC-86F8-E310E8E57271}"
EndProject
Project("{9A19103F-16F7-4668-BE54-9A1E7A4F7556}") = "Parking.Infrastructure", "Parking.Infrastructure\Parking.Infrastructure.csproj", "{7C289AEE-9E8E-43FD-800E-0F0FE79F261B}"
EndProject
Project("{9A19103F-16F7-4668-BE54-9A1E7A4F7556}") = "Parking.API", "Parking.API\Parking.API.csproj", "{4C32A723-73AB-4B4C-823B-B9267AAE6F44}"
EndProject
Project("{2150E333-8FDC-42A3-9474-1A3956D46DE8}") = "src", "src", "{02EA681E-C7D8-13C7-8484-4AC65E1B71E8}"
EndProject
Project("{2150E333-8FDC-42A3-9474-1A3956D46DE8}") = "test", "test", "{EB7BB2C0-9041-4C7D-86A5-02F06C90E954}"
EndProject
Project("{FAE04EC0-301F-11D3-BF4B-00C04F79EFBC}") = "Parking.ArchTests", "..\test\Parking.ArchTests\Parking.ArchTests.csproj", "{AF33243B-1D2F-3696-2D6D-8EF410EA3C6B}"
EndProject
Project("{FAE04EC0-301F-11D3-BF4B-00C04F79EFBC}") = "Parking.Specs", "..\test\Parking.Specs\Parking.Specs.csproj", "{D6146409-278C-377C-B83B-DE284DFEB955}"
EndProject
Project("{FAE04EC0-301F-11D3-BF4B-00C04F79EFBC}") = "Parking.Tests", "..\test\Parking.Tests\Parking.Tests.csproj", "{C363FF09-9250-9953-05A2-93D0A926D48F}"
EndProject
Global
	GlobalSection(SolutionConfigurationPlatforms) = preSolution
		Debug|Any CPU = Debug|Any CPU
		Release|Any CPU = Release|Any CPU
	EndGlobalSection
	GlobalSection(ProjectConfigurationPlatforms) = postSolution
		{A5C0B4E0-1B2A-4D3C-8F9E-0C2D5E6F7A8B}.Debug|Any CPU.ActiveCfg = Debug|Any CPU
		{A5C0B4E0-1B2A-4D3C-8F9E-0C2D5E6F7A8B}.Debug|Any CPU.Build.0 = Debug|Any CPU
		{A5C0B4E0-1B2A-4D3C-8F9E-0C2D5E6F7A8B}.Release|Any CPU.ActiveCfg = Release|Any CPU
		{A5C0B4E0-1B2A-4D3C-8F9E-0C2D5E6F7A8B}.Release|Any CPU.Build.0 = Release|Any CPU
		{AB1605EC-0A70-45CC-86F8-E310E8E57271}.Debug|Any CPU.ActiveCfg = Debug|Any CPU
		{AB1605EC-0A70-45CC-86F8-E310E8E57271}.Debug|Any CPU.Build.0 = Debug|Any CPU
		{AB1605EC-0A70-45CC-86F8-E310E8E57271}.Release|Any CPU.ActiveCfg = Release|Any CPU
		{AB1605EC-0A70-45CC-86F8-E310E8E57271}.Release|Any CPU.Build.0 = Release|Any CPU
		{7C289AEE-9E8E-43FD-800E-0F0FE79F261B}.Debug|Any CPU.ActiveCfg = Debug|Any CPU
		{7C289AEE-9E8E-43FD-800E-0F0FE79F261B}.Debug|Any CPU.Build.0 = Debug|Any CPU
		{7C289AEE-9E8E-43FD-800E-0F0FE79F261B}.Release|Any CPU.ActiveCfg = Release|Any CPU
		{7C289AEE-9E8E-43FD-800E-0F0FE79F261B}.Release|Any CPU.Build.0 = Release|Any CPU
		{4C32A723-73AB-4B4C-823B-B9267AAE6F44}.Debug|Any CPU.ActiveCfg = Debug|Any CPU
		{4C32A723-73AB-4B4C-823B-B9267AAE6F44}.Debug|Any CPU.Build.0 = Debug|Any CPU
		{4C32A723-73AB-4B4C-823B-B9267AAE6F44}.Release|Any CPU.ActiveCfg = Release|Any CPU
		{4C32A723-73AB-4B4C-823B-B9267AAE6F44}.Release|Any CPU.Build.0 = Release|Any CPU
		{AF33243B-1D2F-3696-2D6D-8EF410EA3C6B}.Debug|Any CPU.ActiveCfg = Debug|Any CPU
		{AF33243B-1D2F-3696-2D6D-8EF410EA3C6B}.Debug|Any CPU.Build.0 = Debug|Any CPU
		{AF33243B-1D2F-3696-2D6D-8EF410EA3C6B}.Release|Any CPU.ActiveCfg = Release|Any CPU
		{AF33243B-1D2F-3696-2D6D-8EF410EA3C6B}.Release|Any CPU.Build.0 = Release|Any CPU
		{D6146409-278C-377C-B83B-DE284DFEB955}.Debug|Any CPU.ActiveCfg = Debug|Any CPU
		{D6146409-278C-377C-B83B-DE284DFEB955}.Debug|Any CPU.Build.0 = Debug|Any CPU
		{D6146409-278C-377C-B83B-DE284DFEB955}.Release|Any CPU.ActiveCfg = Release|Any CPU
		{D6146409-278C-377C-B83B-DE284DFEB955}.Release|Any CPU.Build.0 = Release|Any CPU
		{C363FF09-9250-9953-05A2-93D0A926D48F}.Debug|Any CPU.ActiveCfg = Debug|Any CPU
		{C363FF09-9250-9953-05A2-93D0A926D48F}.Debug|Any CPU.Build.0 = Debug|Any CPU
		{C363FF09-9250-9953-05A2-93D0A926D48F}.Release|Any CPU.ActiveCfg = Release|Any CPU
		{C363FF09-9250-9953-05A2-93D0A926D48F}.Release|Any CPU.Build.0 = Release|Any CPU
	EndGlobalSection
	GlobalSection(SolutionProperties) = preSolution
		HideSolutionNode = FALSE
	EndGlobalSection
	GlobalSection(NestedProjects) = preSolution
		{A5C0B4E0-1B2A-4D3C-8F9E-0C2D5E6F7A8B} = {02EA681E-C7D8-13C7-8484-4AC65E1B71E8}
		{AB1605EC-0A70-45CC-86F8-E310E8E57271} = {02EA681E-C7D8-13C7-8484-4AC65E1B71E8}
		{7C289AEE-9E8E-43FD-800E-0F0FE79F261B} = {02EA681E-C7D8-13C7-8484-4AC65E1B71E8}
		{4C32A723-73AB-4B4C-823B-B9267AAE6F44} = {02EA681E-C7D8-13C7-8484-4AC65E1B71E8}
		{AF33243B-1D2F-3696-2D6D-8EF410EA3C6B} = {EB7BB2C0-9041-4C7D-86A5-02F06C90E954}
		{D6146409-278C-377C-B83B-DE284DFEB955} = {EB7BB2C0-9041-4C7D-86A5-02F06C90E954}
		{C363FF09-9250-9953-05A2-93D0A926D48F} = {EB7BB2C0-9041-4C7D-86A5-02F06C90E954}
	EndGlobalSection
EndGlobal
